// !$*UTF8*$!
{
	archiveVersion = 1;
	classes = {
	};
	objectVersion = 50;
	objects = {

/* Begin PBXBuildFile section */
		5D08238225D1880400146292 /* DirtStraight.sks in Resources */ = {isa = PBXBuildFile; fileRef = 5D08238025D1880400146292 /* DirtStraight.sks */; };
		5D08238325D1880400146292 /* Assets.xcassets in Resources */ = {isa = PBXBuildFile; fileRef = 5D08238125D1880400146292 /* Assets.xcassets */; };
		BFD29B4B25CAEBE2003670AC /* mapTest.sks in Resources */ = {isa = PBXBuildFile; fileRef = BFD29B4A25CAEBE2003670AC /* mapTest.sks */; };
		E2524F6925B7565E006EE73C /* AICarClass.swift in Sources */ = {isa = PBXBuildFile; fileRef = E2524F6025B7565D006EE73C /* AICarClass.swift */; };
		E2524F6A25B7565E006EE73C /* PCCarClass.swift in Sources */ = {isa = PBXBuildFile; fileRef = E2524F6125B7565D006EE73C /* PCCarClass.swift */; };
		E2524F6B25B7565E006EE73C /* PopUpClass.swift in Sources */ = {isa = PBXBuildFile; fileRef = E2524F6225B7565D006EE73C /* PopUpClass.swift */; };
		E2524F6C25B7565E006EE73C /* RaceClass.swift in Sources */ = {isa = PBXBuildFile; fileRef = E2524F6325B7565D006EE73C /* RaceClass.swift */; };
		E2524F6D25B7565E006EE73C /* MapClass.swift in Sources */ = {isa = PBXBuildFile; fileRef = E2524F6425B7565D006EE73C /* MapClass.swift */; };
		E2524F6E25B7565E006EE73C /* GameClass.swift in Sources */ = {isa = PBXBuildFile; fileRef = E2524F6525B7565D006EE73C /* GameClass.swift */; };
		E2524F6F25B7565E006EE73C /* HUDClass.swift in Sources */ = {isa = PBXBuildFile; fileRef = E2524F6625B7565D006EE73C /* HUDClass.swift */; };
		E2524F7025B7565E006EE73C /* PartClass.swift in Sources */ = {isa = PBXBuildFile; fileRef = E2524F6725B7565D006EE73C /* PartClass.swift */; };
		E2524F7125B7565E006EE73C /* PlayerClass.swift in Sources */ = {isa = PBXBuildFile; fileRef = E2524F6825B7565D006EE73C /* PlayerClass.swift */; };
		E2524F7A25B756B7006EE73C /* Definitions.swift in Sources */ = {isa = PBXBuildFile; fileRef = E2524F7825B756B7006EE73C /* Definitions.swift */; };
		E2524F7B25B756B7006EE73C /* random.swift in Sources */ = {isa = PBXBuildFile; fileRef = E2524F7925B756B7006EE73C /* random.swift */; };
		E255CBCC25CAE631009E252B /* RaceNames.txt in Resources */ = {isa = PBXBuildFile; fileRef = E255CBCB25CAE630009E252B /* RaceNames.txt */; };
		F42ED00B25B754BA00EAB698 /* AppDelegate.swift in Sources */ = {isa = PBXBuildFile; fileRef = F42ED00A25B754BA00EAB698 /* AppDelegate.swift */; };
		F42ED00D25B754BA00EAB698 /* GameScene.sks in Resources */ = {isa = PBXBuildFile; fileRef = F42ED00C25B754BA00EAB698 /* GameScene.sks */; };
		F42ED00F25B754BA00EAB698 /* Actions.sks in Resources */ = {isa = PBXBuildFile; fileRef = F42ED00E25B754BA00EAB698 /* Actions.sks */; };
		F42ED01125B754BA00EAB698 /* GameScene.swift in Sources */ = {isa = PBXBuildFile; fileRef = F42ED01025B754BA00EAB698 /* GameScene.swift */; };
		F42ED01325B754BA00EAB698 /* ViewController.swift in Sources */ = {isa = PBXBuildFile; fileRef = F42ED01225B754BA00EAB698 /* ViewController.swift */; };
		F42ED01525B754BD00EAB698 /* Assets.xcassets in Resources */ = {isa = PBXBuildFile; fileRef = F42ED01425B754BD00EAB698 /* Assets.xcassets */; };
		F42ED01825B754BD00EAB698 /* Main.storyboard in Resources */ = {isa = PBXBuildFile; fileRef = F42ED01625B754BD00EAB698 /* Main.storyboard */; };
/* End PBXBuildFile section */

/* Begin PBXFileReference section */
		5D08238025D1880400146292 /* DirtStraight.sks */ = {isa = PBXFileReference; lastKnownFileType = file.sks; path = DirtStraight.sks; sourceTree = "<group>"; };
		5D08238125D1880400146292 /* Assets.xcassets */ = {isa = PBXFileReference; lastKnownFileType = folder.assetcatalog; path = Assets.xcassets; sourceTree = "<group>"; };
		BFD29B4A25CAEBE2003670AC /* mapTest.sks */ = {isa = PBXFileReference; lastKnownFileType = file.sks; path = mapTest.sks; sourceTree = "<group>"; };
		E2524F6025B7565D006EE73C /* AICarClass.swift */ = {isa = PBXFileReference; fileEncoding = 4; lastKnownFileType = sourcecode.swift; path = AICarClass.swift; sourceTree = "<group>"; };
		E2524F6125B7565D006EE73C /* PCCarClass.swift */ = {isa = PBXFileReference; fileEncoding = 4; lastKnownFileType = sourcecode.swift; path = PCCarClass.swift; sourceTree = "<group>"; };
		E2524F6225B7565D006EE73C /* PopUpClass.swift */ = {isa = PBXFileReference; fileEncoding = 4; lastKnownFileType = sourcecode.swift; path = PopUpClass.swift; sourceTree = "<group>"; };
		E2524F6325B7565D006EE73C /* RaceClass.swift */ = {isa = PBXFileReference; fileEncoding = 4; lastKnownFileType = sourcecode.swift; path = RaceClass.swift; sourceTree = "<group>"; };
		E2524F6425B7565D006EE73C /* MapClass.swift */ = {isa = PBXFileReference; fileEncoding = 4; lastKnownFileType = sourcecode.swift; path = MapClass.swift; sourceTree = "<group>"; };
		E2524F6525B7565D006EE73C /* GameClass.swift */ = {isa = PBXFileReference; fileEncoding = 4; lastKnownFileType = sourcecode.swift; path = GameClass.swift; sourceTree = "<group>"; };
		E2524F6625B7565D006EE73C /* HUDClass.swift */ = {isa = PBXFileReference; fileEncoding = 4; lastKnownFileType = sourcecode.swift; path = HUDClass.swift; sourceTree = "<group>"; };
		E2524F6725B7565D006EE73C /* PartClass.swift */ = {isa = PBXFileReference; fileEncoding = 4; lastKnownFileType = sourcecode.swift; path = PartClass.swift; sourceTree = "<group>"; };
		E2524F6825B7565D006EE73C /* PlayerClass.swift */ = {isa = PBXFileReference; fileEncoding = 4; lastKnownFileType = sourcecode.swift; path = PlayerClass.swift; sourceTree = "<group>"; };
		E2524F7825B756B7006EE73C /* Definitions.swift */ = {isa = PBXFileReference; fileEncoding = 4; lastKnownFileType = sourcecode.swift; path = Definitions.swift; sourceTree = "<group>"; };
		E2524F7925B756B7006EE73C /* random.swift */ = {isa = PBXFileReference; fileEncoding = 4; lastKnownFileType = sourcecode.swift; path = random.swift; sourceTree = "<group>"; };
		E255CBCB25CAE630009E252B /* RaceNames.txt */ = {isa = PBXFileReference; fileEncoding = 4; lastKnownFileType = text; path = RaceNames.txt; sourceTree = "<group>"; };
		F42ED00725B754BA00EAB698 /* LCSOffroadRacer.app */ = {isa = PBXFileReference; explicitFileType = wrapper.application; includeInIndex = 0; path = LCSOffroadRacer.app; sourceTree = BUILT_PRODUCTS_DIR; };
		F42ED00A25B754BA00EAB698 /* AppDelegate.swift */ = {isa = PBXFileReference; lastKnownFileType = sourcecode.swift; path = AppDelegate.swift; sourceTree = "<group>"; };
		F42ED00C25B754BA00EAB698 /* GameScene.sks */ = {isa = PBXFileReference; lastKnownFileType = file.sks; path = GameScene.sks; sourceTree = "<group>"; };
		F42ED00E25B754BA00EAB698 /* Actions.sks */ = {isa = PBXFileReference; lastKnownFileType = file.sks; path = Actions.sks; sourceTree = "<group>"; };
		F42ED01025B754BA00EAB698 /* GameScene.swift */ = {isa = PBXFileReference; lastKnownFileType = sourcecode.swift; path = GameScene.swift; sourceTree = "<group>"; };
		F42ED01225B754BA00EAB698 /* ViewController.swift */ = {isa = PBXFileReference; lastKnownFileType = sourcecode.swift; path = ViewController.swift; sourceTree = "<group>"; };
		F42ED01425B754BD00EAB698 /* Assets.xcassets */ = {isa = PBXFileReference; lastKnownFileType = folder.assetcatalog; path = Assets.xcassets; sourceTree = "<group>"; };
		F42ED01725B754BD00EAB698 /* Base */ = {isa = PBXFileReference; lastKnownFileType = file.storyboard; name = Base; path = Base.lproj/Main.storyboard; sourceTree = "<group>"; };
		F42ED01925B754BD00EAB698 /* Info.plist */ = {isa = PBXFileReference; lastKnownFileType = text.plist.xml; path = Info.plist; sourceTree = "<group>"; };
		F42ED01A25B754BD00EAB698 /* LCSOffroadRacer.entitlements */ = {isa = PBXFileReference; lastKnownFileType = text.plist.entitlements; path = LCSOffroadRacer.entitlements; sourceTree = "<group>"; };
/* End PBXFileReference section */

/* Begin PBXFrameworksBuildPhase section */
		F42ED00425B754BA00EAB698 /* Frameworks */ = {
			isa = PBXFrameworksBuildPhase;
			buildActionMask = 2147483647;
			files = (
			);
			runOnlyForDeploymentPostprocessing = 0;
		};
/* End PBXFrameworksBuildPhase section */

/* Begin PBXGroup section */
		5D08237F25D187E400146292 /* Particle FX */ = {
			isa = PBXGroup;
			children = (
				5D08238025D1880400146292 /* DirtStraight.sks */,
				5D08238125D1880400146292 /* Assets.xcassets */,
			);
			path = "Particle FX";
			sourceTree = "<group>";
		};
		E2524F5F25B7564B006EE73C /* Core Classes */ = {
			isa = PBXGroup;
			children = (
				E2524F6025B7565D006EE73C /* AICarClass.swift */,
				E2524F6525B7565D006EE73C /* GameClass.swift */,
				E2524F6625B7565D006EE73C /* HUDClass.swift */,
				E2524F6425B7565D006EE73C /* MapClass.swift */,
				E2524F6725B7565D006EE73C /* PartClass.swift */,
				E2524F6125B7565D006EE73C /* PCCarClass.swift */,
				E2524F6825B7565D006EE73C /* PlayerClass.swift */,
				E2524F6225B7565D006EE73C /* PopUpClass.swift */,
				E2524F6325B7565D006EE73C /* RaceClass.swift */,
			);
			path = "Core Classes";
			sourceTree = "<group>";
		};
		E2524F7725B756AD006EE73C /* Helper Files */ = {
			isa = PBXGroup;
			children = (
				E255CBCB25CAE630009E252B /* RaceNames.txt */,
				E2524F7825B756B7006EE73C /* Definitions.swift */,
				E2524F7925B756B7006EE73C /* random.swift */,
				BFD29B4A25CAEBE2003670AC /* mapTest.sks */,
			);
			path = "Helper Files";
			sourceTree = "<group>";
		};
		E2524F7D25B75809006EE73C /* Misc Files */ = {
			isa = PBXGroup;
			children = (
				F42ED00A25B754BA00EAB698 /* AppDelegate.swift */,
				F42ED00C25B754BA00EAB698 /* GameScene.sks */,
				F42ED00E25B754BA00EAB698 /* Actions.sks */,
				F42ED01225B754BA00EAB698 /* ViewController.swift */,
				F42ED01625B754BD00EAB698 /* Main.storyboard */,
				F42ED01A25B754BD00EAB698 /* LCSOffroadRacer.entitlements */,
			);
			path = "Misc Files";
			sourceTree = "<group>";
		};
		F42ECFFE25B754BA00EAB698 = {
			isa = PBXGroup;
			children = (
				F42ED00925B754BA00EAB698 /* LCSOffroadRacer */,
				F42ED00825B754BA00EAB698 /* Products */,
			);
			sourceTree = "<group>";
		};
		F42ED00825B754BA00EAB698 /* Products */ = {
			isa = PBXGroup;
			children = (
				F42ED00725B754BA00EAB698 /* LCSOffroadRacer.app */,
			);
			name = Products;
			sourceTree = "<group>";
		};
		F42ED00925B754BA00EAB698 /* LCSOffroadRacer */ = {
			isa = PBXGroup;
			children = (
				F42ED01025B754BA00EAB698 /* GameScene.swift */,
				E2524F5F25B7564B006EE73C /* Core Classes */,
				E2524F7725B756AD006EE73C /* Helper Files */,
				E2524F7D25B75809006EE73C /* Misc Files */,
				5D08237F25D187E400146292 /* Particle FX */,
				F42ED01925B754BD00EAB698 /* Info.plist */,
				F42ED01425B754BD00EAB698 /* Assets.xcassets */,
			);
			path = LCSOffroadRacer;
			sourceTree = "<group>";
		};
/* End PBXGroup section */

/* Begin PBXNativeTarget section */
		F42ED00625B754BA00EAB698 /* LCSOffroadRacer */ = {
			isa = PBXNativeTarget;
			buildConfigurationList = F42ED01D25B754BD00EAB698 /* Build configuration list for PBXNativeTarget "LCSOffroadRacer" */;
			buildPhases = (
				F42ED00325B754BA00EAB698 /* Sources */,
				F42ED00425B754BA00EAB698 /* Frameworks */,
				F42ED00525B754BA00EAB698 /* Resources */,
			);
			buildRules = (
			);
			dependencies = (
			);
			name = LCSOffroadRacer;
			productName = LCSOffroadRacer;
			productReference = F42ED00725B754BA00EAB698 /* LCSOffroadRacer.app */;
			productType = "com.apple.product-type.application";
		};
/* End PBXNativeTarget section */

/* Begin PBXProject section */
		F42ECFFF25B754BA00EAB698 /* Project object */ = {
			isa = PBXProject;
			attributes = {
				LastSwiftUpdateCheck = 1130;
				LastUpgradeCheck = 1130;
				ORGANIZATIONNAME = "Tom Shiflet";
				TargetAttributes = {
					F42ED00625B754BA00EAB698 = {
						CreatedOnToolsVersion = 11.3;
					};
				};
			};
			buildConfigurationList = F42ED00225B754BA00EAB698 /* Build configuration list for PBXProject "LCSOffroadRacer" */;
			compatibilityVersion = "Xcode 9.3";
			developmentRegion = en;
			hasScannedForEncodings = 0;
			knownRegions = (
				en,
				Base,
			);
			mainGroup = F42ECFFE25B754BA00EAB698;
			productRefGroup = F42ED00825B754BA00EAB698 /* Products */;
			projectDirPath = "";
			projectRoot = "";
			targets = (
				F42ED00625B754BA00EAB698 /* LCSOffroadRacer */,
			);
		};
/* End PBXProject section */

/* Begin PBXResourcesBuildPhase section */
		F42ED00525B754BA00EAB698 /* Resources */ = {
			isa = PBXResourcesBuildPhase;
			buildActionMask = 2147483647;
			files = (
				5D08238225D1880400146292 /* DirtStraight.sks in Resources */,
				F42ED00D25B754BA00EAB698 /* GameScene.sks in Resources */,
				E255CBCC25CAE631009E252B /* RaceNames.txt in Resources */,
				F42ED01525B754BD00EAB698 /* Assets.xcassets in Resources */,
				F42ED00F25B754BA00EAB698 /* Actions.sks in Resources */,
				BFD29B4B25CAEBE2003670AC /* mapTest.sks in Resources */,
				5D08238325D1880400146292 /* Assets.xcassets in Resources */,
				F42ED01825B754BD00EAB698 /* Main.storyboard in Resources */,
			);
			runOnlyForDeploymentPostprocessing = 0;
		};
/* End PBXResourcesBuildPhase section */

/* Begin PBXSourcesBuildPhase section */
		F42ED00325B754BA00EAB698 /* Sources */ = {
			isa = PBXSourcesBuildPhase;
			buildActionMask = 2147483647;
			files = (
				E2524F7B25B756B7006EE73C /* random.swift in Sources */,
				E2524F7A25B756B7006EE73C /* Definitions.swift in Sources */,
				E2524F6E25B7565E006EE73C /* GameClass.swift in Sources */,
				F42ED01325B754BA00EAB698 /* ViewController.swift in Sources */,
				E2524F6B25B7565E006EE73C /* PopUpClass.swift in Sources */,
				E2524F7125B7565E006EE73C /* PlayerClass.swift in Sources */,
				E2524F7025B7565E006EE73C /* PartClass.swift in Sources */,
				E2524F6C25B7565E006EE73C /* RaceClass.swift in Sources */,
				E2524F6925B7565E006EE73C /* AICarClass.swift in Sources */,
				E2524F6A25B7565E006EE73C /* PCCarClass.swift in Sources */,
				E2524F6F25B7565E006EE73C /* HUDClass.swift in Sources */,
				E2524F6D25B7565E006EE73C /* MapClass.swift in Sources */,
				F42ED01125B754BA00EAB698 /* GameScene.swift in Sources */,
				F42ED00B25B754BA00EAB698 /* AppDelegate.swift in Sources */,
			);
			runOnlyForDeploymentPostprocessing = 0;
		};
/* End PBXSourcesBuildPhase section */

/* Begin PBXVariantGroup section */
		F42ED01625B754BD00EAB698 /* Main.storyboard */ = {
			isa = PBXVariantGroup;
			children = (
				F42ED01725B754BD00EAB698 /* Base */,
			);
			name = Main.storyboard;
			sourceTree = "<group>";
		};
/* End PBXVariantGroup section */

/* Begin XCBuildConfiguration section */
		F42ED01B25B754BD00EAB698 /* Debug */ = {
			isa = XCBuildConfiguration;
			buildSettings = {
				ALWAYS_SEARCH_USER_PATHS = NO;
				CLANG_ANALYZER_NONNULL = YES;
				CLANG_ANALYZER_NUMBER_OBJECT_CONVERSION = YES_AGGRESSIVE;
				CLANG_CXX_LANGUAGE_STANDARD = "gnu++14";
				CLANG_CXX_LIBRARY = "libc++";
				CLANG_ENABLE_MODULES = YES;
				CLANG_ENABLE_OBJC_ARC = YES;
				CLANG_ENABLE_OBJC_WEAK = YES;
				CLANG_WARN_BLOCK_CAPTURE_AUTORELEASING = YES;
				CLANG_WARN_BOOL_CONVERSION = YES;
				CLANG_WARN_COMMA = YES;
				CLANG_WARN_CONSTANT_CONVERSION = YES;
				CLANG_WARN_DEPRECATED_OBJC_IMPLEMENTATIONS = YES;
				CLANG_WARN_DIRECT_OBJC_ISA_USAGE = YES_ERROR;
				CLANG_WARN_DOCUMENTATION_COMMENTS = YES;
				CLANG_WARN_EMPTY_BODY = YES;
				CLANG_WARN_ENUM_CONVERSION = YES;
				CLANG_WARN_INFINITE_RECURSION = YES;
				CLANG_WARN_INT_CONVERSION = YES;
				CLANG_WARN_NON_LITERAL_NULL_CONVERSION = YES;
				CLANG_WARN_OBJC_IMPLICIT_RETAIN_SELF = YES;
				CLANG_WARN_OBJC_LITERAL_CONVERSION = YES;
				CLANG_WARN_OBJC_ROOT_CLASS = YES_ERROR;
				CLANG_WARN_RANGE_LOOP_ANALYSIS = YES;
				CLANG_WARN_STRICT_PROTOTYPES = YES;
				CLANG_WARN_SUSPICIOUS_MOVE = YES;
				CLANG_WARN_UNGUARDED_AVAILABILITY = YES_AGGRESSIVE;
				CLANG_WARN_UNREACHABLE_CODE = YES;
				CLANG_WARN__DUPLICATE_METHOD_MATCH = YES;
				COPY_PHASE_STRIP = NO;
				DEBUG_INFORMATION_FORMAT = dwarf;
				ENABLE_STRICT_OBJC_MSGSEND = YES;
				ENABLE_TESTABILITY = YES;
				GCC_C_LANGUAGE_STANDARD = gnu11;
				GCC_DYNAMIC_NO_PIC = NO;
				GCC_NO_COMMON_BLOCKS = YES;
				GCC_OPTIMIZATION_LEVEL = 0;
				GCC_PREPROCESSOR_DEFINITIONS = (
					"DEBUG=1",
					"$(inherited)",
				);
				GCC_WARN_64_TO_32_BIT_CONVERSION = YES;
				GCC_WARN_ABOUT_RETURN_TYPE = YES_ERROR;
				GCC_WARN_UNDECLARED_SELECTOR = YES;
				GCC_WARN_UNINITIALIZED_AUTOS = YES_AGGRESSIVE;
				GCC_WARN_UNUSED_FUNCTION = YES;
				GCC_WARN_UNUSED_VARIABLE = YES;
				MACOSX_DEPLOYMENT_TARGET = 10.14;
				MTL_ENABLE_DEBUG_INFO = INCLUDE_SOURCE;
				MTL_FAST_MATH = YES;
				ONLY_ACTIVE_ARCH = YES;
				SDKROOT = macosx;
				SWIFT_ACTIVE_COMPILATION_CONDITIONS = DEBUG;
				SWIFT_OPTIMIZATION_LEVEL = "-Onone";
			};
			name = Debug;
		};
		F42ED01C25B754BD00EAB698 /* Release */ = {
			isa = XCBuildConfiguration;
			buildSettings = {
				ALWAYS_SEARCH_USER_PATHS = NO;
				CLANG_ANALYZER_NONNULL = YES;
				CLANG_ANALYZER_NUMBER_OBJECT_CONVERSION = YES_AGGRESSIVE;
				CLANG_CXX_LANGUAGE_STANDARD = "gnu++14";
				CLANG_CXX_LIBRARY = "libc++";
				CLANG_ENABLE_MODULES = YES;
				CLANG_ENABLE_OBJC_ARC = YES;
				CLANG_ENABLE_OBJC_WEAK = YES;
				CLANG_WARN_BLOCK_CAPTURE_AUTORELEASING = YES;
				CLANG_WARN_BOOL_CONVERSION = YES;
				CLANG_WARN_COMMA = YES;
				CLANG_WARN_CONSTANT_CONVERSION = YES;
				CLANG_WARN_DEPRECATED_OBJC_IMPLEMENTATIONS = YES;
				CLANG_WARN_DIRECT_OBJC_ISA_USAGE = YES_ERROR;
				CLANG_WARN_DOCUMENTATION_COMMENTS = YES;
				CLANG_WARN_EMPTY_BODY = YES;
				CLANG_WARN_ENUM_CONVERSION = YES;
				CLANG_WARN_INFINITE_RECURSION = YES;
				CLANG_WARN_INT_CONVERSION = YES;
				CLANG_WARN_NON_LITERAL_NULL_CONVERSION = YES;
				CLANG_WARN_OBJC_IMPLICIT_RETAIN_SELF = YES;
				CLANG_WARN_OBJC_LITERAL_CONVERSION = YES;
				CLANG_WARN_OBJC_ROOT_CLASS = YES_ERROR;
				CLANG_WARN_RANGE_LOOP_ANALYSIS = YES;
				CLANG_WARN_STRICT_PROTOTYPES = YES;
				CLANG_WARN_SUSPICIOUS_MOVE = YES;
				CLANG_WARN_UNGUARDED_AVAILABILITY = YES_AGGRESSIVE;
				CLANG_WARN_UNREACHABLE_CODE = YES;
				CLANG_WARN__DUPLICATE_METHOD_MATCH = YES;
				COPY_PHASE_STRIP = NO;
				DEBUG_INFORMATION_FORMAT = "dwarf-with-dsym";
				ENABLE_NS_ASSERTIONS = NO;
				ENABLE_STRICT_OBJC_MSGSEND = YES;
				GCC_C_LANGUAGE_STANDARD = gnu11;
				GCC_NO_COMMON_BLOCKS = YES;
				GCC_WARN_64_TO_32_BIT_CONVERSION = YES;
				GCC_WARN_ABOUT_RETURN_TYPE = YES_ERROR;
				GCC_WARN_UNDECLARED_SELECTOR = YES;
				GCC_WARN_UNINITIALIZED_AUTOS = YES_AGGRESSIVE;
				GCC_WARN_UNUSED_FUNCTION = YES;
				GCC_WARN_UNUSED_VARIABLE = YES;
				MACOSX_DEPLOYMENT_TARGET = 10.14;
				MTL_ENABLE_DEBUG_INFO = NO;
				MTL_FAST_MATH = YES;
				SDKROOT = macosx;
				SWIFT_COMPILATION_MODE = wholemodule;
				SWIFT_OPTIMIZATION_LEVEL = "-O";
			};
			name = Release;
		};
		F42ED01E25B754BD00EAB698 /* Debug */ = {
			isa = XCBuildConfiguration;
			buildSettings = {
				ASSETCATALOG_COMPILER_APPICON_NAME = AppIcon;
				CODE_SIGN_ENTITLEMENTS = LCSOffroadRacer/LCSOffroadRacer.entitlements;
				CODE_SIGN_STYLE = Automatic;
				COMBINE_HIDPI_IMAGES = YES;
				INFOPLIST_FILE = LCSOffroadRacer/Info.plist;
				LD_RUNPATH_SEARCH_PATHS = (
					"$(inherited)",
					"@executable_path/../Frameworks",
				);
				PRODUCT_BUNDLE_IDENTIFIER = TJS.LCSOffroadRacer;
				PRODUCT_NAME = "$(TARGET_NAME)";
				SWIFT_VERSION = 5.0;
			};
			name = Debug;
		};
		F42ED01F25B754BD00EAB698 /* Release */ = {
			isa = XCBuildConfiguration;
			buildSettings = {
				ASSETCATALOG_COMPILER_APPICON_NAME = AppIcon;
				CODE_SIGN_ENTITLEMENTS = LCSOffroadRacer/LCSOffroadRacer.entitlements;
				CODE_SIGN_STYLE = Automatic;
				COMBINE_HIDPI_IMAGES = YES;
				INFOPLIST_FILE = LCSOffroadRacer/Info.plist;
				LD_RUNPATH_SEARCH_PATHS = (
					"$(inherited)",
					"@executable_path/../Frameworks",
				);
				PRODUCT_BUNDLE_IDENTIFIER = TJS.LCSOffroadRacer;
				PRODUCT_NAME = "$(TARGET_NAME)";
				SWIFT_VERSION = 5.0;
			};
			name = Release;
		};
/* End XCBuildConfiguration section */

/* Begin XCConfigurationList section */
		F42ED00225B754BA00EAB698 /* Build configuration list for PBXProject "LCSOffroadRacer" */ = {
			isa = XCConfigurationList;
			buildConfigurations = (
				F42ED01B25B754BD00EAB698 /* Debug */,
				F42ED01C25B754BD00EAB698 /* Release */,
			);
			defaultConfigurationIsVisible = 0;
			defaultConfigurationName = Release;
		};
		F42ED01D25B754BD00EAB698 /* Build configuration list for PBXNativeTarget "LCSOffroadRacer" */ = {
			isa = XCConfigurationList;
			buildConfigurations = (
				F42ED01E25B754BD00EAB698 /* Debug */,
				F42ED01F25B754BD00EAB698 /* Release */,
			);
			defaultConfigurationIsVisible = 0;
			defaultConfigurationName = Release;
		};
/* End XCConfigurationList section */
	};
	rootObject = F42ECFFF25B754BA00EAB698 /* Project object */;
}
